
Microsoft Visual Studio Solution File, Format Version 12.00
# Visual Studio Version 17
VisualStudioVersion = 17.8.34525.116
MinimumVisualStudioVersion = 10.0.40219.1
Project("{8BC9CEB8-8B4A-11D0-8D11-00A0C91BC942}") = "CleanUpProject", "CleanUpProject\CleanUpProject.vcxproj", "{819C8535-C546-49B3-8475-3F4F0ABD1810}"
EndProject
Global
	GlobalSection(SolutionConfigurationPlatforms) = preSolution
		Debug|x64 = Debug|x64
		Debug|x86 = Debug|x86
		Release|x64 = Release|x64
		Release|x86 = Release|x86
	EndGlobalSection
	GlobalSection(ProjectConfigurationPlatforms) = postSolution
		{819C8535-C546-49B3-8475-3F4F0ABD1810}.Debug|x64.ActiveCfg = Debug|x64
		{819C8535-C546-49B3-8475-3F4F0ABD1810}.Debug|x64.Build.0 = Debug|x64
		{819C8535-C546-49B3-8475-3F4F0ABD1810}.Debug|x86.ActiveCfg = Debug|Win32
		{819C8535-C546-49B3-8475-3F4F0ABD1810}.Debug|x86.Build.0 = Debug|Win32
		{819C8535-C546-49B3-8475-3F4F0ABD1810}.Release|x64.ActiveCfg = Release|x64
		{819C8535-C546-49B3-8475-3F4F0ABD1810}.Release|x64.Build.0 = Release|x64
		{819C8535-C546-49B3-8475-3F4F0ABD1810}.Release|x86.ActiveCfg = Release|Win32
		{819C8535-C546-49B3-8475-3F4F0ABD1810}.Release|x86.Build.0 = Release|Win32
	EndGlobalSection
	GlobalSection(SolutionProperties) = preSolution
		HideSolutionNode = FALSE
	EndGlobalSection
	GlobalSection(ExtensibilityGlobals) = postSolution
		SolutionGuid = {299A2127-EDF0-4020-8F47-0C305678BDDB}
	EndGlobalSection
EndGlobal
